
Microsoft Visual Studio Solution File, Format Version 12.00
# Visual Studio Version 17
VisualStudioVersion = 17.14.36212.18 d17.14
MinimumVisualStudioVersion = 10.0.40219.1
Project("{888888A0-9F3D-457C-B088-3A5042F75D52}") = "CallerDisconnect", "CallerDisconnect.pyproj", "{CAC4AF83-0D04-4E4C-9A9D-A545784FD696}"
EndProject
Global
	GlobalSection(SolutionConfigurationPlatforms) = preSolution
		Debug|Any CPU = Debug|Any CPU
		Release|Any CPU = Release|Any CPU
	EndGlobalSection
	GlobalSection(ProjectConfigurationPlatforms) = postSolution
		{CAC4AF83-0D04-4E4C-9A9D-A545784FD696}.Debug|Any CPU.ActiveCfg = Debug|Any CPU
		{CAC4AF83-0D04-4E4C-9A9D-A545784FD696}.Release|Any CPU.ActiveCfg = Release|Any CPU
	EndGlobalSection
	GlobalSection(SolutionProperties) = preSolution
		HideSolutionNode = FALSE
	EndGlobalSection
	GlobalSection(ExtensibilityGlobals) = postSolution
		SolutionGuid = {48B276A9-0FAF-4359-AED9-5F9A50199C33}
	EndGlobalSection
EndGlobal
